// !$*UTF8*$!
{
	archiveVersion = 1;
	classes = {
	};
	objectVersion = 46;
	objects = {

/* Begin PBXBuildFile section */
		0118B9151C4CE6D9002566A1 /* PageThirdMap.m in Sources */ = {isa = PBXBuildFile; fileRef = 0118B9141C4CE6D9002566A1 /* PageThirdMap.m */; };
		014FAABB1C4CC3420094FD20 /* main.m in Sources */ = {isa = PBXBuildFile; fileRef = 014FAABA1C4CC3420094FD20 /* main.m */; };
		014FAABE1C4CC3420094FD20 /* AppDelegate.m in Sources */ = {isa = PBXBuildFile; fileRef = 014FAABD1C4CC3420094FD20 /* AppDelegate.m */; };
		014FAAC11C4CC3420094FD20 /* ViewController.m in Sources */ = {isa = PBXBuildFile; fileRef = 014FAAC01C4CC3420094FD20 /* ViewController.m */; };
		014FAAC41C4CC3420094FD20 /* Main.storyboard in Resources */ = {isa = PBXBuildFile; fileRef = 014FAAC21C4CC3420094FD20 /* Main.storyboard */; };
		014FAAC61C4CC3420094FD20 /* Assets.xcassets in Resources */ = {isa = PBXBuildFile; fileRef = 014FAAC51C4CC3420094FD20 /* Assets.xcassets */; };
		014FAAC91C4CC3420094FD20 /* LaunchScreen.storyboard in Resources */ = {isa = PBXBuildFile; fileRef = 014FAAC71C4CC3420094FD20 /* LaunchScreen.storyboard */; };
		014FAAD11C4CD07F0094FD20 /* MapKit.framework in Frameworks */ = {isa = PBXBuildFile; fileRef = 014FAAD01C4CD07F0094FD20 /* MapKit.framework */; };
		014FAAD31C4CD4360094FD20 /* CoreLocation.framework in Frameworks */ = {isa = PBXBuildFile; fileRef = 014FAAD21C4CD4360094FD20 /* CoreLocation.framework */; };
		01692F9F1C4F5C1400774988 /* LocNaviController.m in Sources */ = {isa = PBXBuildFile; fileRef = 01692F9E1C4F5C1400774988 /* LocNaviController.m */; };
		01692FA31C4F6EE000774988 /* BaiduLocationMars.m in Sources */ = {isa = PBXBuildFile; fileRef = 01692FA21C4F6EE000774988 /* BaiduLocationMars.m */; };
		01692FA91C4F7B8500774988 /* NaviAnnotation.m in Sources */ = {isa = PBXBuildFile; fileRef = 01692FA81C4F7B8500774988 /* NaviAnnotation.m */; };
		01692FAF1C4F822700774988 /* RegexKitLite.m in Sources */ = {isa = PBXBuildFile; fileRef = 01692FAE1C4F822700774988 /* RegexKitLite.m */; settings = {COMPILER_FLAGS = "-fno-objc-arc"; }; };
		01692FB11C4F827300774988 /* libicucore.tbd in Frameworks */ = {isa = PBXBuildFile; fileRef = 01692FB01C4F827300774988 /* libicucore.tbd */; };
		01B0F16B1C4DD08F002A5D3F /* LocChoseController.m in Sources */ = {isa = PBXBuildFile; fileRef = 01B0F16A1C4DD08F002A5D3F /* LocChoseController.m */; };
		01B0F1741C4E28B7002A5D3F /* BaiduMapAPI_Base.framework in Frameworks */ = {isa = PBXBuildFile; fileRef = 01B0F1701C4E28B7002A5D3F /* BaiduMapAPI_Base.framework */; };
		01B0F1751C4E28B7002A5D3F /* BaiduMapAPI_Location.framework in Frameworks */ = {isa = PBXBuildFile; fileRef = 01B0F1711C4E28B7002A5D3F /* BaiduMapAPI_Location.framework */; };
		01B0F1761C4E28B7002A5D3F /* BaiduMapAPI_Map.framework in Frameworks */ = {isa = PBXBuildFile; fileRef = 01B0F1721C4E28B7002A5D3F /* BaiduMapAPI_Map.framework */; };
		01B0F1771C4E28B7002A5D3F /* BaiduMapAPI_Search.framework in Frameworks */ = {isa = PBXBuildFile; fileRef = 01B0F1731C4E28B7002A5D3F /* BaiduMapAPI_Search.framework */; };
		01B0F17A1C4E28F3002A5D3F /* BLocChoseController.m in Sources */ = {isa = PBXBuildFile; fileRef = 01B0F1791C4E28F3002A5D3F /* BLocChoseController.m */; };
		01B0F17C1C4E34D3002A5D3F /* QuartzCore.framework in Frameworks */ = {isa = PBXBuildFile; fileRef = 01B0F17B1C4E34D3002A5D3F /* QuartzCore.framework */; };
		01B0F17E1C4E34E0002A5D3F /* OpenGLES.framework in Frameworks */ = {isa = PBXBuildFile; fileRef = 01B0F17D1C4E34E0002A5D3F /* OpenGLES.framework */; };
		01B0F1801C4E34F2002A5D3F /* SystemConfiguration.framework in Frameworks */ = {isa = PBXBuildFile; fileRef = 01B0F17F1C4E34F2002A5D3F /* SystemConfiguration.framework */; };
		01B0F1821C4E3503002A5D3F /* CoreGraphics.framework in Frameworks */ = {isa = PBXBuildFile; fileRef = 01B0F1811C4E3503002A5D3F /* CoreGraphics.framework */; };
		01B0F1841C4E350E002A5D3F /* Security.framework in Frameworks */ = {isa = PBXBuildFile; fileRef = 01B0F1831C4E350E002A5D3F /* Security.framework */; };
		01B0F1861C4E3533002A5D3F /* libsqlite3.0.tbd in Frameworks */ = {isa = PBXBuildFile; fileRef = 01B0F1851C4E3533002A5D3F /* libsqlite3.0.tbd */; };
		01B0F1881C4E353F002A5D3F /* CoreTelephony.framework in Frameworks */ = {isa = PBXBuildFile; fileRef = 01B0F1871C4E353F002A5D3F /* CoreTelephony.framework */; };
		01B0F18A1C4E3550002A5D3F /* libstdc++.6.0.9.tbd in Frameworks */ = {isa = PBXBuildFile; fileRef = 01B0F1891C4E3550002A5D3F /* libstdc++.6.0.9.tbd */; };
		01B0F18C1C4E368F002A5D3F /* mapapi.bundle in Resources */ = {isa = PBXBuildFile; fileRef = 01B0F18B1C4E368F002A5D3F /* mapapi.bundle */; };
/* End PBXBuildFile section */

/* Begin PBXFileReference section */
		0118B9131C4CE6D9002566A1 /* PageThirdMap.h */ = {isa = PBXFileReference; fileEncoding = 4; lastKnownFileType = sourcecode.c.h; path = PageThirdMap.h; sourceTree = "<group>"; };
		0118B9141C4CE6D9002566A1 /* PageThirdMap.m */ = {isa = PBXFileReference; fileEncoding = 4; lastKnownFileType = sourcecode.c.objc; path = PageThirdMap.m; sourceTree = "<group>"; };
		014FAAB61C4CC3420094FD20 /* ios-map-share.app */ = {isa = PBXFileReference; explicitFileType = wrapper.application; includeInIndex = 0; path = "ios-map-share.app"; sourceTree = BUILT_PRODUCTS_DIR; };
		014FAABA1C4CC3420094FD20 /* main.m */ = {isa = PBXFileReference; lastKnownFileType = sourcecode.c.objc; path = main.m; sourceTree = "<group>"; };
		014FAABC1C4CC3420094FD20 /* AppDelegate.h */ = {isa = PBXFileReference; lastKnownFileType = sourcecode.c.h; path = AppDelegate.h; sourceTree = "<group>"; };
		014FAABD1C4CC3420094FD20 /* AppDelegate.m */ = {isa = PBXFileReference; lastKnownFileType = sourcecode.c.objc; path = AppDelegate.m; sourceTree = "<group>"; };
		014FAABF1C4CC3420094FD20 /* ViewController.h */ = {isa = PBXFileReference; lastKnownFileType = sourcecode.c.h; path = ViewController.h; sourceTree = "<group>"; };
		014FAAC01C4CC3420094FD20 /* ViewController.m */ = {isa = PBXFileReference; lastKnownFileType = sourcecode.c.objc; path = ViewController.m; sourceTree = "<group>"; };
		014FAAC31C4CC3420094FD20 /* Base */ = {isa = PBXFileReference; lastKnownFileType = file.storyboard; name = Base; path = Base.lproj/Main.storyboard; sourceTree = "<group>"; };
		014FAAC51C4CC3420094FD20 /* Assets.xcassets */ = {isa = PBXFileReference; lastKnownFileType = folder.assetcatalog; path = Assets.xcassets; sourceTree = "<group>"; };
		014FAAC81C4CC3420094FD20 /* Base */ = {isa = PBXFileReference; lastKnownFileType = file.storyboard; name = Base; path = Base.lproj/LaunchScreen.storyboard; sourceTree = "<group>"; };
		014FAACA1C4CC3420094FD20 /* Info.plist */ = {isa = PBXFileReference; lastKnownFileType = text.plist.xml; path = Info.plist; sourceTree = "<group>"; };
		014FAAD01C4CD07F0094FD20 /* MapKit.framework */ = {isa = PBXFileReference; lastKnownFileType = wrapper.framework; name = MapKit.framework; path = System/Library/Frameworks/MapKit.framework; sourceTree = SDKROOT; };
		014FAAD21C4CD4360094FD20 /* CoreLocation.framework */ = {isa = PBXFileReference; lastKnownFileType = wrapper.framework; name = CoreLocation.framework; path = System/Library/Frameworks/CoreLocation.framework; sourceTree = SDKROOT; };
		01692F9D1C4F5C1400774988 /* LocNaviController.h */ = {isa = PBXFileReference; fileEncoding = 4; lastKnownFileType = sourcecode.c.h; path = LocNaviController.h; sourceTree = "<group>"; };
		01692F9E1C4F5C1400774988 /* LocNaviController.m */ = {isa = PBXFileReference; fileEncoding = 4; lastKnownFileType = sourcecode.c.objc; path = LocNaviController.m; sourceTree = "<group>"; };
		01692FA01C4F5D3200774988 /* IMS_Prefix.pch */ = {isa = PBXFileReference; lastKnownFileType = sourcecode.c.h; path = IMS_Prefix.pch; sourceTree = "<group>"; };
		01692FA11C4F6EE000774988 /* BaiduLocationMars.h */ = {isa = PBXFileReference; fileEncoding = 4; lastKnownFileType = sourcecode.c.h; path = BaiduLocationMars.h; sourceTree = "<group>"; };
		01692FA21C4F6EE000774988 /* BaiduLocationMars.m */ = {isa = PBXFileReference; fileEncoding = 4; lastKnownFileType = sourcecode.c.objc; path = BaiduLocationMars.m; sourceTree = "<group>"; };
		01692FA71C4F7B8500774988 /* NaviAnnotation.h */ = {isa = PBXFileReference; fileEncoding = 4; lastKnownFileType = sourcecode.c.h; path = NaviAnnotation.h; sourceTree = "<group>"; };
		01692FA81C4F7B8500774988 /* NaviAnnotation.m */ = {isa = PBXFileReference; fileEncoding = 4; lastKnownFileType = sourcecode.c.objc; path = NaviAnnotation.m; sourceTree = "<group>"; };
		01692FAD1C4F822700774988 /* RegexKitLite.h */ = {isa = PBXFileReference; fileEncoding = 4; lastKnownFileType = sourcecode.c.h; path = RegexKitLite.h; sourceTree = "<group>"; };
		01692FAE1C4F822700774988 /* RegexKitLite.m */ = {isa = PBXFileReference; fileEncoding = 4; lastKnownFileType = sourcecode.c.objc; path = RegexKitLite.m; sourceTree = "<group>"; };
		01692FB01C4F827300774988 /* libicucore.tbd */ = {isa = PBXFileReference; lastKnownFileType = "sourcecode.text-based-dylib-definition"; name = libicucore.tbd; path = usr/lib/libicucore.tbd; sourceTree = SDKROOT; };
		01B0F1691C4DD08F002A5D3F /* LocChoseController.h */ = {isa = PBXFileReference; fileEncoding = 4; lastKnownFileType = sourcecode.c.h; path = LocChoseController.h; sourceTree = "<group>"; };
		01B0F16A1C4DD08F002A5D3F /* LocChoseController.m */ = {isa = PBXFileReference; fileEncoding = 4; lastKnownFileType = sourcecode.c.objc; path = LocChoseController.m; sourceTree = "<group>"; };
		01B0F1701C4E28B7002A5D3F /* BaiduMapAPI_Base.framework */ = {isa = PBXFileReference; lastKnownFileType = wrapper.framework; name = BaiduMapAPI_Base.framework; path = "ios-map-share/BaiduLib/BaiduMapAPI_Base.framework"; sourceTree = "<group>"; };
		01B0F1711C4E28B7002A5D3F /* BaiduMapAPI_Location.framework */ = {isa = PBXFileReference; lastKnownFileType = wrapper.framework; name = BaiduMapAPI_Location.framework; path = "ios-map-share/BaiduLib/BaiduMapAPI_Location.framework"; sourceTree = "<group>"; };
		01B0F1721C4E28B7002A5D3F /* BaiduMapAPI_Map.framework */ = {isa = PBXFileReference; lastKnownFileType = wrapper.framework; name = BaiduMapAPI_Map.framework; path = "ios-map-share/BaiduLib/BaiduMapAPI_Map.framework"; sourceTree = "<group>"; };
		01B0F1731C4E28B7002A5D3F /* BaiduMapAPI_Search.framework */ = {isa = PBXFileReference; lastKnownFileType = wrapper.framework; name = BaiduMapAPI_Search.framework; path = "ios-map-share/BaiduLib/BaiduMapAPI_Search.framework"; sourceTree = "<group>"; };
		01B0F1781C4E28F3002A5D3F /* BLocChoseController.h */ = {isa = PBXFileReference; fileEncoding = 4; lastKnownFileType = sourcecode.c.h; path = BLocChoseController.h; sourceTree = "<group>"; };
		01B0F1791C4E28F3002A5D3F /* BLocChoseController.m */ = {isa = PBXFileReference; fileEncoding = 4; lastKnownFileType = sourcecode.c.objc; path = BLocChoseController.m; sourceTree = "<group>"; };
		01B0F17B1C4E34D3002A5D3F /* QuartzCore.framework */ = {isa = PBXFileReference; lastKnownFileType = wrapper.framework; name = QuartzCore.framework; path = System/Library/Frameworks/QuartzCore.framework; sourceTree = SDKROOT; };
		01B0F17D1C4E34E0002A5D3F /* OpenGLES.framework */ = {isa = PBXFileReference; lastKnownFileType = wrapper.framework; name = OpenGLES.framework; path = System/Library/Frameworks/OpenGLES.framework; sourceTree = SDKROOT; };
		01B0F17F1C4E34F2002A5D3F /* SystemConfiguration.framework */ = {isa = PBXFileReference; lastKnownFileType = wrapper.framework; name = SystemConfiguration.framework; path = System/Library/Frameworks/SystemConfiguration.framework; sourceTree = SDKROOT; };
		01B0F1811C4E3503002A5D3F /* CoreGraphics.framework */ = {isa = PBXFileReference; lastKnownFileType = wrapper.framework; name = CoreGraphics.framework; path = System/Library/Frameworks/CoreGraphics.framework; sourceTree = SDKROOT; };
		01B0F1831C4E350E002A5D3F /* Security.framework */ = {isa = PBXFileReference; lastKnownFileType = wrapper.framework; name = Security.framework; path = System/Library/Frameworks/Security.framework; sourceTree = SDKROOT; };
		01B0F1851C4E3533002A5D3F /* libsqlite3.0.tbd */ = {isa = PBXFileReference; lastKnownFileType = "sourcecode.text-based-dylib-definition"; name = libsqlite3.0.tbd; path = usr/lib/libsqlite3.0.tbd; sourceTree = SDKROOT; };
		01B0F1871C4E353F002A5D3F /* CoreTelephony.framework */ = {isa = PBXFileReference; lastKnownFileType = wrapper.framework; name = CoreTelephony.framework; path = System/Library/Frameworks/CoreTelephony.framework; sourceTree = SDKROOT; };
		01B0F1891C4E3550002A5D3F /* libstdc++.6.0.9.tbd */ = {isa = PBXFileReference; lastKnownFileType = "sourcecode.text-based-dylib-definition"; name = "libstdc++.6.0.9.tbd"; path = "usr/lib/libstdc++.6.0.9.tbd"; sourceTree = SDKROOT; };
		01B0F18B1C4E368F002A5D3F /* mapapi.bundle */ = {isa = PBXFileReference; lastKnownFileType = "wrapper.plug-in"; name = mapapi.bundle; path = "ios-map-share/BaiduLib/BaiduMapAPI_Map.framework/Resources/mapapi.bundle"; sourceTree = "<group>"; };
/* End PBXFileReference section */

/* Begin PBXFrameworksBuildPhase section */
		014FAAB31C4CC3410094FD20 /* Frameworks */ = {
			isa = PBXFrameworksBuildPhase;
			buildActionMask = 2147483647;
			files = (
				01692FB11C4F827300774988 /* libicucore.tbd in Frameworks */,
				01B0F18A1C4E3550002A5D3F /* libstdc++.6.0.9.tbd in Frameworks */,
				01B0F1881C4E353F002A5D3F /* CoreTelephony.framework in Frameworks */,
				01B0F1861C4E3533002A5D3F /* libsqlite3.0.tbd in Frameworks */,
				01B0F1841C4E350E002A5D3F /* Security.framework in Frameworks */,
				01B0F1821C4E3503002A5D3F /* CoreGraphics.framework in Frameworks */,
				01B0F1801C4E34F2002A5D3F /* SystemConfiguration.framework in Frameworks */,
				01B0F17E1C4E34E0002A5D3F /* OpenGLES.framework in Frameworks */,
				01B0F17C1C4E34D3002A5D3F /* QuartzCore.framework in Frameworks */,
				01B0F1741C4E28B7002A5D3F /* BaiduMapAPI_Base.framework in Frameworks */,
				014FAAD31C4CD4360094FD20 /* CoreLocation.framework in Frameworks */,
				01B0F1771C4E28B7002A5D3F /* BaiduMapAPI_Search.framework in Frameworks */,
				014FAAD11C4CD07F0094FD20 /* MapKit.framework in Frameworks */,
				01B0F1761C4E28B7002A5D3F /* BaiduMapAPI_Map.framework in Frameworks */,
				01B0F1751C4E28B7002A5D3F /* BaiduMapAPI_Location.framework in Frameworks */,
			);
			runOnlyForDeploymentPostprocessing = 0;
		};
/* End PBXFrameworksBuildPhase section */

/* Begin PBXGroup section */
		014FAAAD1C4CC3410094FD20 = {
			isa = PBXGroup;
			children = (
				01692FB01C4F827300774988 /* libicucore.tbd */,
				01B0F16F1C4E28A6002A5D3F /* Lib */,
				014FAAB81C4CC3420094FD20 /* ios-map-share */,
				014FAAB71C4CC3420094FD20 /* Products */,
			);
			sourceTree = "<group>";
		};
		014FAAB71C4CC3420094FD20 /* Products */ = {
			isa = PBXGroup;
			children = (
				014FAAB61C4CC3420094FD20 /* ios-map-share.app */,
			);
			name = Products;
			sourceTree = "<group>";
		};
		014FAAB81C4CC3420094FD20 /* ios-map-share */ = {
			isa = PBXGroup;
			children = (
				01692FAD1C4F822700774988 /* RegexKitLite.h */,
				01692FAE1C4F822700774988 /* RegexKitLite.m */,
				01692FA11C4F6EE000774988 /* BaiduLocationMars.h */,
				01692FA21C4F6EE000774988 /* BaiduLocationMars.m */,
				014FAABC1C4CC3420094FD20 /* AppDelegate.h */,
				014FAABD1C4CC3420094FD20 /* AppDelegate.m */,
				0118B9131C4CE6D9002566A1 /* PageThirdMap.h */,
				0118B9141C4CE6D9002566A1 /* PageThirdMap.m */,
				01692FA71C4F7B8500774988 /* NaviAnnotation.h */,
				01692FA81C4F7B8500774988 /* NaviAnnotation.m */,
				014FAABF1C4CC3420094FD20 /* ViewController.h */,
				014FAAC01C4CC3420094FD20 /* ViewController.m */,
				01B0F1691C4DD08F002A5D3F /* LocChoseController.h */,
				01B0F16A1C4DD08F002A5D3F /* LocChoseController.m */,
				01B0F1781C4E28F3002A5D3F /* BLocChoseController.h */,
				01B0F1791C4E28F3002A5D3F /* BLocChoseController.m */,
				01692F9D1C4F5C1400774988 /* LocNaviController.h */,
				01692F9E1C4F5C1400774988 /* LocNaviController.m */,
				014FAAC21C4CC3420094FD20 /* Main.storyboard */,
				014FAAC51C4CC3420094FD20 /* Assets.xcassets */,
				014FAAC71C4CC3420094FD20 /* LaunchScreen.storyboard */,
				014FAACA1C4CC3420094FD20 /* Info.plist */,
				014FAAB91C4CC3420094FD20 /* Supporting Files */,
				01692FA01C4F5D3200774988 /* IMS_Prefix.pch */,
			);
			path = "ios-map-share";
			sourceTree = "<group>";
		};
		014FAAB91C4CC3420094FD20 /* Supporting Files */ = {
			isa = PBXGroup;
			children = (
				014FAABA1C4CC3420094FD20 /* main.m */,
			);
			name = "Supporting Files";
			sourceTree = "<group>";
		};
		01B0F16F1C4E28A6002A5D3F /* Lib */ = {
			isa = PBXGroup;
			children = (
				014FAAD21C4CD4360094FD20 /* CoreLocation.framework */,
				014FAAD01C4CD07F0094FD20 /* MapKit.framework */,
				01B0F18B1C4E368F002A5D3F /* mapapi.bundle */,
				01B0F1891C4E3550002A5D3F /* libstdc++.6.0.9.tbd */,
				01B0F1871C4E353F002A5D3F /* CoreTelephony.framework */,
				01B0F1851C4E3533002A5D3F /* libsqlite3.0.tbd */,
				01B0F1831C4E350E002A5D3F /* Security.framework */,
				01B0F1811C4E3503002A5D3F /* CoreGraphics.framework */,
				01B0F17F1C4E34F2002A5D3F /* SystemConfiguration.framework */,
				01B0F17D1C4E34E0002A5D3F /* OpenGLES.framework */,
				01B0F17B1C4E34D3002A5D3F /* QuartzCore.framework */,
				01B0F1701C4E28B7002A5D3F /* BaiduMapAPI_Base.framework */,
				01B0F1711C4E28B7002A5D3F /* BaiduMapAPI_Location.framework */,
				01B0F1721C4E28B7002A5D3F /* BaiduMapAPI_Map.framework */,
				01B0F1731C4E28B7002A5D3F /* BaiduMapAPI_Search.framework */,
			);
			name = Lib;
			sourceTree = "<group>";
		};
/* End PBXGroup section */

/* Begin PBXNativeTarget section */
		014FAAB51C4CC3410094FD20 /* ios-map-share */ = {
			isa = PBXNativeTarget;
			buildConfigurationList = 014FAACD1C4CC3420094FD20 /* Build configuration list for PBXNativeTarget "ios-map-share" */;
			buildPhases = (
				014FAAB21C4CC3410094FD20 /* Sources */,
				014FAAB31C4CC3410094FD20 /* Frameworks */,
				014FAAB41C4CC3410094FD20 /* Resources */,
			);
			buildRules = (
			);
			dependencies = (
			);
			name = "ios-map-share";
			productName = "ios-map-share";
			productReference = 014FAAB61C4CC3420094FD20 /* ios-map-share.app */;
			productType = "com.apple.product-type.application";
		};
/* End PBXNativeTarget section */

/* Begin PBXProject section */
		014FAAAE1C4CC3410094FD20 /* Project object */ = {
			isa = PBXProject;
			attributes = {
				LastUpgradeCheck = 0720;
				ORGANIZATIONNAME = nick;
				TargetAttributes = {
					014FAAB51C4CC3410094FD20 = {
						CreatedOnToolsVersion = 7.2;
						DevelopmentTeam = DVLJ8EJXG4;
					};
				};
			};
			buildConfigurationList = 014FAAB11C4CC3410094FD20 /* Build configuration list for PBXProject "ios-map-share" */;
			compatibilityVersion = "Xcode 3.2";
			developmentRegion = English;
			hasScannedForEncodings = 0;
			knownRegions = (
				en,
				Base,
			);
			mainGroup = 014FAAAD1C4CC3410094FD20;
			productRefGroup = 014FAAB71C4CC3420094FD20 /* Products */;
			projectDirPath = "";
			projectRoot = "";
			targets = (
				014FAAB51C4CC3410094FD20 /* ios-map-share */,
			);
		};
/* End PBXProject section */

/* Begin PBXResourcesBuildPhase section */
		014FAAB41C4CC3410094FD20 /* Resources */ = {
			isa = PBXResourcesBuildPhase;
			buildActionMask = 2147483647;
			files = (
				014FAAC91C4CC3420094FD20 /* LaunchScreen.storyboard in Resources */,
				01B0F18C1C4E368F002A5D3F /* mapapi.bundle in Resources */,
				014FAAC61C4CC3420094FD20 /* Assets.xcassets in Resources */,
				014FAAC41C4CC3420094FD20 /* Main.storyboard in Resources */,
			);
			runOnlyForDeploymentPostprocessing = 0;
		};
/* End PBXResourcesBuildPhase section */

/* Begin PBXSourcesBuildPhase section */
		014FAAB21C4CC3410094FD20 /* Sources */ = {
			isa = PBXSourcesBuildPhase;
			buildActionMask = 2147483647;
			files = (
				014FAAC11C4CC3420094FD20 /* ViewController.m in Sources */,
				01692FA91C4F7B8500774988 /* NaviAnnotation.m in Sources */,
				01B0F16B1C4DD08F002A5D3F /* LocChoseController.m in Sources */,
				014FAABE1C4CC3420094FD20 /* AppDelegate.m in Sources */,
				014FAABB1C4CC3420094FD20 /* main.m in Sources */,
				01692FA31C4F6EE000774988 /* BaiduLocationMars.m in Sources */,
				0118B9151C4CE6D9002566A1 /* PageThirdMap.m in Sources */,
				01B0F17A1C4E28F3002A5D3F /* BLocChoseController.m in Sources */,
				01692FAF1C4F822700774988 /* RegexKitLite.m in Sources */,
				01692F9F1C4F5C1400774988 /* LocNaviController.m in Sources */,
			);
			runOnlyForDeploymentPostprocessing = 0;
		};
/* End PBXSourcesBuildPhase section */

/* Begin PBXVariantGroup section */
		014FAAC21C4CC3420094FD20 /* Main.storyboard */ = {
			isa = PBXVariantGroup;
			children = (
				014FAAC31C4CC3420094FD20 /* Base */,
			);
			name = Main.storyboard;
			sourceTree = "<group>";
		};
		014FAAC71C4CC3420094FD20 /* LaunchScreen.storyboard */ = {
			isa = PBXVariantGroup;
			children = (
				014FAAC81C4CC3420094FD20 /* Base */,
			);
			name = LaunchScreen.storyboard;
			sourceTree = "<group>";
		};
/* End PBXVariantGroup section */

/* Begin XCBuildConfiguration section */
		014FAACB1C4CC3420094FD20 /* Debug */ = {
			isa = XCBuildConfiguration;
			buildSettings = {
				ALWAYS_SEARCH_USER_PATHS = NO;
				CLANG_CXX_LANGUAGE_STANDARD = "gnu++0x";
				CLANG_CXX_LIBRARY = "libc++";
				CLANG_ENABLE_MODULES = YES;
				CLANG_ENABLE_OBJC_ARC = YES;
				CLANG_WARN_BOOL_CONVERSION = YES;
				CLANG_WARN_CONSTANT_CONVERSION = YES;
				CLANG_WARN_DIRECT_OBJC_ISA_USAGE = YES_ERROR;
				CLANG_WARN_EMPTY_BODY = YES;
				CLANG_WARN_ENUM_CONVERSION = YES;
				CLANG_WARN_INT_CONVERSION = YES;
				CLANG_WARN_OBJC_ROOT_CLASS = YES_ERROR;
				CLANG_WARN_UNREACHABLE_CODE = YES;
				CLANG_WARN__DUPLICATE_METHOD_MATCH = YES;
				"CODE_SIGN_IDENTITY[sdk=iphoneos*]" = "iPhone Developer";
				COPY_PHASE_STRIP = NO;
				DEBUG_INFORMATION_FORMAT = dwarf;
				ENABLE_STRICT_OBJC_MSGSEND = YES;
				ENABLE_TESTABILITY = YES;
				GCC_C_LANGUAGE_STANDARD = gnu99;
				GCC_DYNAMIC_NO_PIC = NO;
				GCC_NO_COMMON_BLOCKS = YES;
				GCC_OPTIMIZATION_LEVEL = 0;
				GCC_PREPROCESSOR_DEFINITIONS = (
					"DEBUG=1",
					"$(inherited)",
				);
				GCC_WARN_64_TO_32_BIT_CONVERSION = YES;
				GCC_WARN_ABOUT_RETURN_TYPE = YES_ERROR;
				GCC_WARN_UNDECLARED_SELECTOR = YES;
				GCC_WARN_UNINITIALIZED_AUTOS = YES_AGGRESSIVE;
				GCC_WARN_UNUSED_FUNCTION = YES;
				GCC_WARN_UNUSED_VARIABLE = YES;
				IPHONEOS_DEPLOYMENT_TARGET = 9.2;
				MTL_ENABLE_DEBUG_INFO = YES;
				ONLY_ACTIVE_ARCH = YES;
				SDKROOT = iphoneos;
				TARGETED_DEVICE_FAMILY = "1,2";
			};
			name = Debug;
		};
		014FAACC1C4CC3420094FD20 /* Release */ = {
			isa = XCBuildConfiguration;
			buildSettings = {
				ALWAYS_SEARCH_USER_PATHS = NO;
				CLANG_CXX_LANGUAGE_STANDARD = "gnu++0x";
				CLANG_CXX_LIBRARY = "libc++";
				CLANG_ENABLE_MODULES = YES;
				CLANG_ENABLE_OBJC_ARC = YES;
				CLANG_WARN_BOOL_CONVERSION = YES;
				CLANG_WARN_CONSTANT_CONVERSION = YES;
				CLANG_WARN_DIRECT_OBJC_ISA_USAGE = YES_ERROR;
				CLANG_WARN_EMPTY_BODY = YES;
				CLANG_WARN_ENUM_CONVERSION = YES;
				CLANG_WARN_INT_CONVERSION = YES;
				CLANG_WARN_OBJC_ROOT_CLASS = YES_ERROR;
				CLANG_WARN_UNREACHABLE_CODE = YES;
				CLANG_WARN__DUPLICATE_METHOD_MATCH = YES;
				"CODE_SIGN_IDENTITY[sdk=iphoneos*]" = "iPhone Developer";
				COPY_PHASE_STRIP = NO;
				DEBUG_INFORMATION_FORMAT = "dwarf-with-dsym";
				ENABLE_NS_ASSERTIONS = NO;
				ENABLE_STRICT_OBJC_MSGSEND = YES;
				GCC_C_LANGUAGE_STANDARD = gnu99;
				GCC_NO_COMMON_BLOCKS = YES;
				GCC_WARN_64_TO_32_BIT_CONVERSION = YES;
				GCC_WARN_ABOUT_RETURN_TYPE = YES_ERROR;
				GCC_WARN_UNDECLARED_SELECTOR = YES;
				GCC_WARN_UNINITIALIZED_AUTOS = YES_AGGRESSIVE;
				GCC_WARN_UNUSED_FUNCTION = YES;
				GCC_WARN_UNUSED_VARIABLE = YES;
				IPHONEOS_DEPLOYMENT_TARGET = 9.2;
				MTL_ENABLE_DEBUG_INFO = NO;
				SDKROOT = iphoneos;
				TARGETED_DEVICE_FAMILY = "1,2";
				VALIDATE_PRODUCT = YES;
			};
			name = Release;
		};
		014FAACE1C4CC3420094FD20 /* Debug */ = {
			isa = XCBuildConfiguration;
			buildSettings = {
				ASSETCATALOG_COMPILER_APPICON_NAME = AppIcon;
				CODE_SIGN_IDENTITY = "iPhone Developer";
				"CODE_SIGN_IDENTITY[sdk=iphoneos*]" = "iPhone Developer";
				FRAMEWORK_SEARCH_PATHS = (
					"$(inherited)",
					"$(PROJECT_DIR)/ios-map-share/BaiduLib",
				);
				GCC_PREFIX_HEADER = "ios-map-share/IMS_Prefix.pch";
				INFOPLIST_FILE = "ios-map-share/Info.plist";
				IPHONEOS_DEPLOYMENT_TARGET = 6.0;
				LD_RUNPATH_SEARCH_PATHS = "$(inherited) @executable_path/Frameworks";
				PRODUCT_BUNDLE_IDENTIFIER = "me.dingtone.ios-map-share";
				PRODUCT_NAME = "$(TARGET_NAME)";
				PROVISIONING_PROFILE = "";
			};
			name = Debug;
		};
		014FAACF1C4CC3420094FD20 /* Release */ = {
			isa = XCBuildConfiguration;
			buildSettings = {
				ASSETCATALOG_COMPILER_APPICON_NAME = AppIcon;
				CODE_SIGN_IDENTITY = "iPhone Developer";
				"CODE_SIGN_IDENTITY[sdk=iphoneos*]" = "iPhone Developer";
				FRAMEWORK_SEARCH_PATHS = (
					"$(inherited)",
					"$(PROJECT_DIR)/ios-map-share/BaiduLib",
				);
				GCC_PREFIX_HEADER = "ios-map-share/IMS_Prefix.pch";
				INFOPLIST_FILE = "ios-map-share/Info.plist";
				IPHONEOS_DEPLOYMENT_TARGET = 6.0;
				LD_RUNPATH_SEARCH_PATHS = "$(inherited) @executable_path/Frameworks";
				PRODUCT_BUNDLE_IDENTIFIER = "me.dingtone.ios-map-share";
				PRODUCT_NAME = "$(TARGET_NAME)";
				PROVISIONING_PROFILE = "";
			};
			name = Release;
		};
/* End XCBuildConfiguration section */

/* Begin XCConfigurationList section */
		014FAAB11C4CC3410094FD20 /* Build configuration list for PBXProject "ios-map-share" */ = {
			isa = XCConfigurationList;
			buildConfigurations = (
				014FAACB1C4CC3420094FD20 /* Debug */,
				014FAACC1C4CC3420094FD20 /* Release */,
			);
			defaultConfigurationIsVisible = 0;
			defaultConfigurationName = Release;
		};
		014FAACD1C4CC3420094FD20 /* Build configuration list for PBXNativeTarget "ios-map-share" */ = {
			isa = XCConfigurationList;
			buildConfigurations = (
				014FAACE1C4CC3420094FD20 /* Debug */,
				014FAACF1C4CC3420094FD20 /* Release */,
			);
			defaultConfigurationIsVisible = 0;
			defaultConfigurationName = Release;
		};
/* End XCConfigurationList section */
	};
	rootObject = 014FAAAE1C4CC3410094FD20 /* Project object */;
}
